
Microsoft Visual Studio Solution File, Format Version 12.00
# Visual Studio Version 17
VisualStudioVersion = 17.4.33213.308
MinimumVisualStudioVersion = 10.0.40219.1
Project("{FAE04EC0-301F-11D3-BF4B-00C04F79EFBC}") = "WebMVCPractica2", "WebMVCPractica2\WebMVCPractica2.csproj", "{49C19F24-183E-4A04-BB79-05AF8C79808D}"
EndProject
Global
	GlobalSection(SolutionConfigurationPlatforms) = preSolution
		Debug|Any CPU = Debug|Any CPU
		Release|Any CPU = Release|Any CPU
	EndGlobalSection
	GlobalSection(ProjectConfigurationPlatforms) = postSolution
		{49C19F24-183E-4A04-BB79-05AF8C79808D}.Debug|Any CPU.ActiveCfg = Debug|Any CPU
		{49C19F24-183E-4A04-BB79-05AF8C79808D}.Debug|Any CPU.Build.0 = Debug|Any CPU
		{49C19F24-183E-4A04-BB79-05AF8C79808D}.Release|Any CPU.ActiveCfg = Release|Any CPU
		{49C19F24-183E-4A04-BB79-05AF8C79808D}.Release|Any CPU.Build.0 = Release|Any CPU
	EndGlobalSection
	GlobalSection(SolutionProperties) = preSolution
		HideSolutionNode = FALSE
	EndGlobalSection
	GlobalSection(ExtensibilityGlobals) = postSolution
		SolutionGuid = {917329D8-0758-421F-B18B-178AB8E8BD7B}
	EndGlobalSection
EndGlobal
